// !$*UTF8*$!
{
	archiveVersion = 1;
	classes = {
	};
	objectVersion = 77;
	objects = {

/* Begin PBXBuildFile section */
		AA00000000000000000000AD /* RollControlCenter.appex in Embed Foundation Extensions */ = {isa = PBXBuildFile; fileRef = AA00000000000000000000A1 /* RollControlCenter.appex */; settings = {ATTRIBUTES = (RemoveHeadersOnCopy, ); }; };
/* End PBXBuildFile section */

/* Begin PBXContainerItemProxy section */
		AA00000000000000000000AA /* PBXContainerItemProxy */ = {
			isa = PBXContainerItemProxy;
			containerPortal = CB2703BE2F6C333B00D213C7 /* Project object */;
			proxyType = 1;
			remoteGlobalIDString = AA00000000000000000000A6;
			remoteInfo = RollControlCenter;
		};
		CB2703D62F6C333D00D213C7 /* PBXContainerItemProxy */ = {
			isa = PBXContainerItemProxy;
			containerPortal = CB2703BE2F6C333B00D213C7 /* Project object */;
			proxyType = 1;
			remoteGlobalIDString = CB2703C52F6C333B00D213C7;
			remoteInfo = Roll;
		};
		CB2703E02F6C333D00D213C7 /* PBXContainerItemProxy */ = {
			isa = PBXContainerItemProxy;
			containerPortal = CB2703BE2F6C333B00D213C7 /* Project object */;
			proxyType = 1;
			remoteGlobalIDString = CB2703C52F6C333B00D213C7;
			remoteInfo = Roll;
		};
/* End PBXContainerItemProxy section */

/* Begin PBXCopyFilesBuildPhase section */
		AA00000000000000000000AC /* Embed Foundation Extensions */ = {
			isa = PBXCopyFilesBuildPhase;
			buildActionMask = 2147483647;
			dstPath = "";
			dstSubfolderSpec = 13;
			files = (
				AA00000000000000000000AD /* RollControlCenter.appex in Embed Foundation Extensions */,
			);
			name = "Embed Foundation Extensions";
			runOnlyForDeploymentPostprocessing = 0;
		};
/* End PBXCopyFilesBuildPhase section */

/* Begin PBXFileReference section */
		AA00000000000000000000A1 /* RollControlCenter.appex */ = {isa = PBXFileReference; explicitFileType = "wrapper.app-extension"; includeInIndex = 0; path = RollControlCenter.appex; sourceTree = BUILT_PRODUCTS_DIR; };
		CB2703C62F6C333B00D213C7 /* Roll.app */ = {isa = PBXFileReference; explicitFileType = wrapper.application; includeInIndex = 0; path = Roll.app; sourceTree = BUILT_PRODUCTS_DIR; };
		CB2703D52F6C333D00D213C7 /* RollTests.xctest */ = {isa = PBXFileReference; explicitFileType = wrapper.cfbundle; includeInIndex = 0; path = RollTests.xctest; sourceTree = BUILT_PRODUCTS_DIR; };
		CB2703DF2F6C333D00D213C7 /* RollUITests.xctest */ = {isa = PBXFileReference; explicitFileType = wrapper.cfbundle; includeInIndex = 0; path = RollUITests.xctest; sourceTree = BUILT_PRODUCTS_DIR; };
/* End PBXFileReference section */

/* Begin PBXFileSystemSynchronizedBuildFileExceptionSet section */
		AA00000000000000000000AE /* Exceptions for "RollControlCenter" folder in "RollControlCenter" target */ = {
			isa = PBXFileSystemSynchronizedBuildFileExceptionSet;
			membershipExceptions = (
				Info.plist,
			);
			target = AA00000000000000000000A6 /* RollControlCenter */;
		};
/* End PBXFileSystemSynchronizedBuildFileExceptionSet section */

/* Begin PBXFileSystemSynchronizedRootGroup section */
		AA00000000000000000000A2 /* RollControlCenter */ = {
			isa = PBXFileSystemSynchronizedRootGroup;
			exceptions = (
				AA00000000000000000000AE /* Exceptions for "RollControlCenter" folder in "RollControlCenter" target */,
			);
			path = RollControlCenter;
			sourceTree = "<group>";
		};
		CB2703C82F6C333B00D213C7 /* Roll */ = {
			isa = PBXFileSystemSynchronizedRootGroup;
			path = Roll;
			sourceTree = "<group>";
		};
		CB2703D82F6C333D00D213C7 /* RollTests */ = {
			isa = PBXFileSystemSynchronizedRootGroup;
			path = RollTests;
			sourceTree = "<group>";
		};
		CB2703E22F6C333D00D213C7 /* RollUITests */ = {
			isa = PBXFileSystemSynchronizedRootGroup;
			path = RollUITests;
			sourceTree = "<group>";
		};
/* End PBXFileSystemSynchronizedRootGroup section */

/* Begin PBXFrameworksBuildPhase section */
		AA00000000000000000000A4 /* Frameworks */ = {
			isa = PBXFrameworksBuildPhase;
			buildActionMask = 2147483647;
			files = (
			);
			runOnlyForDeploymentPostprocessing = 0;
		};
		CB2703C32F6C333B00D213C7 /* Frameworks */ = {
			isa = PBXFrameworksBuildPhase;
			buildActionMask = 2147483647;
			files = (
			);
			runOnlyForDeploymentPostprocessing = 0;
		};
		CB2703D22F6C333D00D213C7 /* Frameworks */ = {
			isa = PBXFrameworksBuildPhase;
			buildActionMask = 2147483647;
			files = (
			);
			runOnlyForDeploymentPostprocessing = 0;
		};
		CB2703DC2F6C333D00D213C7 /* Frameworks */ = {
			isa = PBXFrameworksBuildPhase;
			buildActionMask = 2147483647;
			files = (
			);
			runOnlyForDeploymentPostprocessing = 0;
		};
/* End PBXFrameworksBuildPhase section */

/* Begin PBXGroup section */
		CB2703BD2F6C333B00D213C7 = {
			isa = PBXGroup;
			children = (
				CB2703C82F6C333B00D213C7 /* Roll */,
				AA00000000000000000000A2 /* RollControlCenter */,
				CB2703D82F6C333D00D213C7 /* RollTests */,
				CB2703E22F6C333D00D213C7 /* RollUITests */,
				CB2703C72F6C333B00D213C7 /* Products */,
			);
			sourceTree = "<group>";
		};
		CB2703C72F6C333B00D213C7 /* Products */ = {
			isa = PBXGroup;
			children = (
				CB2703C62F6C333B00D213C7 /* Roll.app */,
				AA00000000000000000000A1 /* RollControlCenter.appex */,
				CB2703D52F6C333D00D213C7 /* RollTests.xctest */,
				CB2703DF2F6C333D00D213C7 /* RollUITests.xctest */,
			);
			name = Products;
			sourceTree = "<group>";
		};
/* End PBXGroup section */

/* Begin PBXNativeTarget section */
		AA00000000000000000000A6 /* RollControlCenter */ = {
			isa = PBXNativeTarget;
			buildConfigurationList = AA00000000000000000000A9 /* Build configuration list for PBXNativeTarget "RollControlCenter" */;
			buildPhases = (
				AA00000000000000000000A3 /* Sources */,
				AA00000000000000000000A4 /* Frameworks */,
				AA00000000000000000000A5 /* Resources */,
			);
			buildRules = (
			);
			dependencies = (
			);
			fileSystemSynchronizedGroups = (
				AA00000000000000000000A2 /* RollControlCenter */,
			);
			name = RollControlCenter;
			packageProductDependencies = (
			);
			productName = RollControlCenter;
			productReference = AA00000000000000000000A1 /* RollControlCenter.appex */;
			productType = "com.apple.product-type.app-extension";
		};
		CB2703C52F6C333B00D213C7 /* Roll */ = {
			isa = PBXNativeTarget;
			buildConfigurationList = CB2703E92F6C333D00D213C7 /* Build configuration list for PBXNativeTarget "Roll" */;
			buildPhases = (
				CB2703C22F6C333B00D213C7 /* Sources */,
				CB2703C32F6C333B00D213C7 /* Frameworks */,
				CB2703C42F6C333B00D213C7 /* Resources */,
				AA00000000000000000000AC /* Embed Foundation Extensions */,
			);
			buildRules = (
			);
			dependencies = (
				AA00000000000000000000AB /* PBXTargetDependency */,
			);
			fileSystemSynchronizedGroups = (
				CB2703C82F6C333B00D213C7 /* Roll */,
			);
			name = Roll;
			packageProductDependencies = (
			);
			productName = Roll;
			productReference = CB2703C62F6C333B00D213C7 /* Roll.app */;
			productType = "com.apple.product-type.application";
		};
		CB2703D42F6C333D00D213C7 /* RollTests */ = {
			isa = PBXNativeTarget;
			buildConfigurationList = CB2703EC2F6C333D00D213C7 /* Build configuration list for PBXNativeTarget "RollTests" */;
			buildPhases = (
				CB2703D12F6C333D00D213C7 /* Sources */,
				CB2703D22F6C333D00D213C7 /* Frameworks */,
				CB2703D32F6C333D00D213C7 /* Resources */,
			);
			buildRules = (
			);
			dependencies = (
				CB2703D72F6C333D00D213C7 /* PBXTargetDependency */,
			);
			fileSystemSynchronizedGroups = (
				CB2703D82F6C333D00D213C7 /* RollTests */,
			);
			name = RollTests;
			packageProductDependencies = (
			);
			productName = RollTests;
			productReference = CB2703D52F6C333D00D213C7 /* RollTests.xctest */;
			productType = "com.apple.product-type.bundle.unit-test";
		};
		CB2703DE2F6C333D00D213C7 /* RollUITests */ = {
			isa = PBXNativeTarget;
			buildConfigurationList = CB2703EF2F6C333D00D213C7 /* Build configuration list for PBXNativeTarget "RollUITests" */;
			buildPhases = (
				CB2703DB2F6C333D00D213C7 /* Sources */,
				CB2703DC2F6C333D00D213C7 /* Frameworks */,
				CB2703DD2F6C333D00D213C7 /* Resources */,
			);
			buildRules = (
			);
			dependencies = (
				CB2703E12F6C333D00D213C7 /* PBXTargetDependency */,
			);
			fileSystemSynchronizedGroups = (
				CB2703E22F6C333D00D213C7 /* RollUITests */,
			);
			name = RollUITests;
			packageProductDependencies = (
			);
			productName = RollUITests;
			productReference = CB2703DF2F6C333D00D213C7 /* RollUITests.xctest */;
			productType = "com.apple.product-type.bundle.ui-testing";
		};
/* End PBXNativeTarget section */

/* Begin PBXProject section */
		CB2703BE2F6C333B00D213C7 /* Project object */ = {
			isa = PBXProject;
			attributes = {
				BuildIndependentTargetsInParallel = 1;
				LastSwiftUpdateCheck = 2630;
				LastUpgradeCheck = 2630;
				TargetAttributes = {
					AA00000000000000000000A6 = {
						CreatedOnToolsVersion = 26.3;
					};
					CB2703C52F6C333B00D213C7 = {
						CreatedOnToolsVersion = 26.3;
					};
					CB2703D42F6C333D00D213C7 = {
						CreatedOnToolsVersion = 26.3;
						TestTargetID = CB2703C52F6C333B00D213C7;
					};
					CB2703DE2F6C333D00D213C7 = {
						CreatedOnToolsVersion = 26.3;
						TestTargetID = CB2703C52F6C333B00D213C7;
					};
				};
			};
			buildConfigurationList = CB2703C12F6C333B00D213C7 /* Build configuration list for PBXProject "Roll" */;
			developmentRegion = en;
			hasScannedForEncodings = 0;
			knownRegions = (
				en,
				Base,
			);
			mainGroup = CB2703BD2F6C333B00D213C7;
			minimizedProjectReferenceProxies = 1;
			preferredProjectObjectVersion = 77;
			productRefGroup = CB2703C72F6C333B00D213C7 /* Products */;
			projectDirPath = "";
			projectRoot = "";
			targets = (
				CB2703C52F6C333B00D213C7 /* Roll */,
				AA00000000000000000000A6 /* RollControlCenter */,
				CB2703D42F6C333D00D213C7 /* RollTests */,
				CB2703DE2F6C333D00D213C7 /* RollUITests */,
			);
		};
/* End PBXProject section */

/* Begin PBXResourcesBuildPhase section */
		AA00000000000000000000A5 /* Resources */ = {
			isa = PBXResourcesBuildPhase;
			buildActionMask = 2147483647;
			files = (
			);
			runOnlyForDeploymentPostprocessing = 0;
		};
		CB2703C42F6C333B00D213C7 /* Resources */ = {
			isa = PBXResourcesBuildPhase;
			buildActionMask = 2147483647;
			files = (
			);
			runOnlyForDeploymentPostprocessing = 0;
		};
		CB2703D32F6C333D00D213C7 /* Resources */ = {
			isa = PBXResourcesBuildPhase;
			buildActionMask = 2147483647;
			files = (
			);
			runOnlyForDeploymentPostprocessing = 0;
		};
		CB2703DD2F6C333D00D213C7 /* Resources */ = {
			isa = PBXResourcesBuildPhase;
			buildActionMask = 2147483647;
			files = (
			);
			runOnlyForDeploymentPostprocessing = 0;
		};
/* End PBXResourcesBuildPhase section */

/* Begin PBXSourcesBuildPhase section */
		AA00000000000000000000A3 /* Sources */ = {
			isa = PBXSourcesBuildPhase;
			buildActionMask = 2147483647;
			files = (
			);
			runOnlyForDeploymentPostprocessing = 0;
		};
		CB2703C22F6C333B00D213C7 /* Sources */ = {
			isa = PBXSourcesBuildPhase;
			buildActionMask = 2147483647;
			files = (
			);
			runOnlyForDeploymentPostprocessing = 0;
		};
		CB2703D12F6C333D00D213C7 /* Sources */ = {
			isa = PBXSourcesBuildPhase;
			buildActionMask = 2147483647;
			files = (
			);
			runOnlyForDeploymentPostprocessing = 0;
		};
		CB2703DB2F6C333D00D213C7 /* Sources */ = {
			isa = PBXSourcesBuildPhase;
			buildActionMask = 2147483647;
			files = (
			);
			runOnlyForDeploymentPostprocessing = 0;
		};
/* End PBXSourcesBuildPhase section */

/* Begin PBXTargetDependency section */
		AA00000000000000000000AB /* PBXTargetDependency */ = {
			isa = PBXTargetDependency;
			target = AA00000000000000000000A6 /* RollControlCenter */;
			targetProxy = AA00000000000000000000AA /* PBXContainerItemProxy */;
		};
		CB2703D72F6C333D00D213C7 /* PBXTargetDependency */ = {
			isa = PBXTargetDependency;
			target = CB2703C52F6C333B00D213C7 /* Roll */;
			targetProxy = CB2703D62F6C333D00D213C7 /* PBXContainerItemProxy */;
		};
		CB2703E12F6C333D00D213C7 /* PBXTargetDependency */ = {
			isa = PBXTargetDependency;
			target = CB2703C52F6C333B00D213C7 /* Roll */;
			targetProxy = CB2703E02F6C333D00D213C7 /* PBXContainerItemProxy */;
		};
/* End PBXTargetDependency section */

/* Begin XCBuildConfiguration section */
		AA00000000000000000000A7 /* Debug */ = {
			isa = XCBuildConfiguration;
			buildSettings = {
				CODE_SIGN_STYLE = Automatic;
				CURRENT_PROJECT_VERSION = 1;
				DEVELOPMENT_TEAM = 9H4952RRWH;
				GENERATE_INFOPLIST_FILE = YES;
				INFOPLIST_FILE = RollControlCenter/Info.plist;
				INFOPLIST_KEY_CFBundleDisplayName = Roll;
				IPHONEOS_DEPLOYMENT_TARGET = 26.0;
				LD_RUNPATH_SEARCH_PATHS = (
					"$(inherited)",
					"@executable_path/Frameworks",
					"@executable_path/../../Frameworks",
				);
				MARKETING_VERSION = 1.0;
				PRODUCT_BUNDLE_IDENTIFIER = me.Roll.RollControlCenter;
				PRODUCT_NAME = "$(TARGET_NAME)";
				SKIP_INSTALL = YES;
				SWIFT_EMIT_LOC_STRINGS = YES;
				SWIFT_VERSION = 5.0;
				TARGETED_DEVICE_FAMILY = "1,2";
			};
			name = Debug;
		};
		AA00000000000000000000A8 /* Release */ = {
			isa = XCBuildConfiguration;
			buildSettings = {
				CODE_SIGN_STYLE = Automatic;
				CURRENT_PROJECT_VERSION = 1;
				DEVELOPMENT_TEAM = 9H4952RRWH;
				GENERATE_INFOPLIST_FILE = YES;
				INFOPLIST_FILE = RollControlCenter/Info.plist;
				INFOPLIST_KEY_CFBundleDisplayName = Roll;
				IPHONEOS_DEPLOYMENT_TARGET = 26.0;
				LD_RUNPATH_SEARCH_PATHS = (
					"$(inherited)",
					"@executable_path/Frameworks",
					"@executable_path/../../Frameworks",
				);
				MARKETING_VERSION = 1.0;
				PRODUCT_BUNDLE_IDENTIFIER = me.Roll.RollControlCenter;
				PRODUCT_NAME = "$(TARGET_NAME)";
				SKIP_INSTALL = YES;
				SWIFT_EMIT_LOC_STRINGS = YES;
				SWIFT_VERSION = 5.0;
				TARGETED_DEVICE_FAMILY = "1,2";
			};
			name = Release;
		};
		CB2703E72F6C333D00D213C7 /* Debug */ = {
			isa = XCBuildConfiguration;
			buildSettings = {
				ALWAYS_SEARCH_USER_PATHS = NO;
				ASSETCATALOG_COMPILER_GENERATE_SWIFT_ASSET_SYMBOL_EXTENSIONS = YES;
				CLANG_ANALYZER_NONNULL = YES;
				CLANG_ANALYZER_NUMBER_OBJECT_CONVERSION = YES_AGGRESSIVE;
				CLANG_CXX_LANGUAGE_STANDARD = "gnu++20";
				CLANG_ENABLE_MODULES = YES;
				CLANG_ENABLE_OBJC_ARC = YES;
				CLANG_ENABLE_OBJC_WEAK = YES;
				CLANG_WARN_BLOCK_CAPTURE_AUTORELEASING = YES;
				CLANG_WARN_BOOL_CONVERSION = YES;
				CLANG_WARN_COMMA = YES;
				CLANG_WARN_CONSTANT_CONVERSION = YES;
				CLANG_WARN_DEPRECATED_OBJC_IMPLEMENTATIONS = YES;
				CLANG_WARN_DIRECT_OBJC_ISA_USAGE = YES_ERROR;
				CLANG_WARN_DOCUMENTATION_COMMENTS = YES;
				CLANG_WARN_EMPTY_BODY = YES;
				CLANG_WARN_ENUM_CONVERSION = YES;
				CLANG_WARN_INFINITE_RECURSION = YES;
				CLANG_WARN_INT_CONVERSION = YES;
				CLANG_WARN_NON_LITERAL_NULL_CONVERSION = YES;
				CLANG_WARN_OBJC_IMPLICIT_RETAIN_SELF = YES;
				CLANG_WARN_OBJC_LITERAL_CONVERSION = YES;
				CLANG_WARN_OBJC_ROOT_CLASS = YES_ERROR;
				CLANG_WARN_QUOTED_INCLUDE_IN_FRAMEWORK_HEADER = YES;
				CLANG_WARN_RANGE_LOOP_ANALYSIS = YES;
				CLANG_WARN_STRICT_PROTOTYPES = YES;
				CLANG_WARN_SUSPICIOUS_MOVE = YES;
				CLANG_WARN_UNGUARDED_AVAILABILITY = YES_AGGRESSIVE;
				CLANG_WARN_UNREACHABLE_CODE = YES;
				CLANG_WARN__DUPLICATE_METHOD_MATCH = YES;
				COPY_PHASE_STRIP = NO;
				DEBUG_INFORMATION_FORMAT = dwarf;
				DEVELOPMENT_TEAM = 9H4952RRWH;
				ENABLE_STRICT_OBJC_MSGSEND = YES;
				ENABLE_TESTABILITY = YES;
				ENABLE_USER_SCRIPT_SANDBOXING = YES;
				GCC_C_LANGUAGE_STANDARD = gnu17;
				GCC_DYNAMIC_NO_PIC = NO;
				GCC_NO_COMMON_BLOCKS = YES;
				GCC_OPTIMIZATION_LEVEL = 0;
				GCC_PREPROCESSOR_DEFINITIONS = (
					"DEBUG=1",
					"$(inherited)",
				);
				GCC_WARN_64_TO_32_BIT_CONVERSION = YES;
				GCC_WARN_ABOUT_RETURN_TYPE = YES_ERROR;
				GCC_WARN_UNDECLARED_SELECTOR = YES;
				GCC_WARN_UNINITIALIZED_AUTOS = YES_AGGRESSIVE;
				GCC_WARN_UNUSED_FUNCTION = YES;
				GCC_WARN_UNUSED_VARIABLE = YES;
				IPHONEOS_DEPLOYMENT_TARGET = 26.2;
				LOCALIZATION_PREFERS_STRING_CATALOGS = YES;
				MTL_ENABLE_DEBUG_INFO = INCLUDE_SOURCE;
				MTL_FAST_MATH = YES;
				ONLY_ACTIVE_ARCH = YES;
				SDKROOT = iphoneos;
				SWIFT_ACTIVE_COMPILATION_CONDITIONS = "DEBUG $(inherited)";
				SWIFT_OPTIMIZATION_LEVEL = "-Onone";
			};
			name = Debug;
		};
		CB2703E82F6C333D00D213C7 /* Release */ = {
			isa = XCBuildConfiguration;
			buildSettings = {
				ALWAYS_SEARCH_USER_PATHS = NO;
				ASSETCATALOG_COMPILER_GENERATE_SWIFT_ASSET_SYMBOL_EXTENSIONS = YES;
				CLANG_ANALYZER_NONNULL = YES;
				CLANG_ANALYZER_NUMBER_OBJECT_CONVERSION = YES_AGGRESSIVE;
				CLANG_CXX_LANGUAGE_STANDARD = "gnu++20";
				CLANG_ENABLE_MODULES = YES;
				CLANG_ENABLE_OBJC_ARC = YES;
				CLANG_ENABLE_OBJC_WEAK = YES;
				CLANG_WARN_BLOCK_CAPTURE_AUTORELEASING = YES;
				CLANG_WARN_BOOL_CONVERSION = YES;
				CLANG_WARN_COMMA = YES;
				CLANG_WARN_CONSTANT_CONVERSION = YES;
				CLANG_WARN_DEPRECATED_OBJC_IMPLEMENTATIONS = YES;
				CLANG_WARN_DIRECT_OBJC_ISA_USAGE = YES_ERROR;
				CLANG_WARN_DOCUMENTATION_COMMENTS = YES;
				CLANG_WARN_EMPTY_BODY = YES;
				CLANG_WARN_ENUM_CONVERSION = YES;
				CLANG_WARN_INFINITE_RECURSION = YES;
				CLANG_WARN_INT_CONVERSION = YES;
				CLANG_WARN_NON_LITERAL_NULL_CONVERSION = YES;
				CLANG_WARN_OBJC_IMPLICIT_RETAIN_SELF = YES;
				CLANG_WARN_OBJC_LITERAL_CONVERSION = YES;
				CLANG_WARN_OBJC_ROOT_CLASS = YES_ERROR;
				CLANG_WARN_QUOTED_INCLUDE_IN_FRAMEWORK_HEADER = YES;
				CLANG_WARN_RANGE_LOOP_ANALYSIS = YES;
				CLANG_WARN_STRICT_PROTOTYPES = YES;
				CLANG_WARN_SUSPICIOUS_MOVE = YES;
				CLANG_WARN_UNGUARDED_AVAILABILITY = YES_AGGRESSIVE;
				CLANG_WARN_UNREACHABLE_CODE = YES;
				CLANG_WARN__DUPLICATE_METHOD_MATCH = YES;
				COPY_PHASE_STRIP = NO;
				DEBUG_INFORMATION_FORMAT = "dwarf-with-dsym";
				DEVELOPMENT_TEAM = 9H4952RRWH;
				ENABLE_NS_ASSERTIONS = NO;
				ENABLE_STRICT_OBJC_MSGSEND = YES;
				ENABLE_USER_SCRIPT_SANDBOXING = YES;
				GCC_C_LANGUAGE_STANDARD = gnu17;
				GCC_NO_COMMON_BLOCKS = YES;
				GCC_WARN_64_TO_32_BIT_CONVERSION = YES;
				GCC_WARN_ABOUT_RETURN_TYPE = YES_ERROR;
				GCC_WARN_UNDECLARED_SELECTOR = YES;
				GCC_WARN_UNINITIALIZED_AUTOS = YES_AGGRESSIVE;
				GCC_WARN_UNUSED_FUNCTION = YES;
				GCC_WARN_UNUSED_VARIABLE = YES;
				IPHONEOS_DEPLOYMENT_TARGET = 26.2;
				LOCALIZATION_PREFERS_STRING_CATALOGS = YES;
				MTL_ENABLE_DEBUG_INFO = NO;
				MTL_FAST_MATH = YES;
				SDKROOT = iphoneos;
				SWIFT_COMPILATION_MODE = wholemodule;
				VALIDATE_PRODUCT = YES;
			};
			name = Release;
		};
		CB2703EA2F6C333D00D213C7 /* Debug */ = {
			isa = XCBuildConfiguration;
			buildSettings = {
				ASSETCATALOG_COMPILER_APPICON_NAME = AppIcon;
				ASSETCATALOG_COMPILER_GLOBAL_ACCENT_COLOR_NAME = AccentColor;
				CODE_SIGN_STYLE = Automatic;
				CURRENT_PROJECT_VERSION = 1;
				DEVELOPMENT_TEAM = 9H4952RRWH;
				ENABLE_PREVIEWS = YES;
				GENERATE_INFOPLIST_FILE = YES;
				INFOPLIST_KEY_LSApplicationCategoryType = "public.app-category.entertainment";
				INFOPLIST_KEY_NSCameraUsageDescription = "Roll needs camera access to take photos and videos";
				INFOPLIST_KEY_NSMicrophoneUsageDescription = "Roll needs microphone access to record video with audio";
				INFOPLIST_KEY_NSPhotoLibraryAddUsageDescription = "Roll saves your photos and videos to albums you create";
				INFOPLIST_KEY_NSPhotoLibraryUsageDescription = "Roll saves your photos and videos to albums you create";
				INFOPLIST_KEY_UIApplicationSceneManifest_Generation = YES;
				INFOPLIST_KEY_UIApplicationSupportsIndirectInputEvents = YES;
				INFOPLIST_KEY_UILaunchScreen_Generation = YES;
				INFOPLIST_KEY_UISupportedInterfaceOrientations = UIInterfaceOrientationPortrait;
				INFOPLIST_KEY_UISupportedInterfaceOrientations_iPad = "UIInterfaceOrientationPortrait UIInterfaceOrientationPortraitUpsideDown UIInterfaceOrientationLandscapeLeft UIInterfaceOrientationLandscapeRight";
				INFOPLIST_KEY_UISupportedInterfaceOrientations_iPhone = "UIInterfaceOrientationPortrait UIInterfaceOrientationLandscapeLeft UIInterfaceOrientationLandscapeRight";
				IPHONEOS_DEPLOYMENT_TARGET = 26.0;
				LD_RUNPATH_SEARCH_PATHS = (
					"$(inherited)",
					"@executable_path/Frameworks",
				);
				MARKETING_VERSION = 1.0;
				PRODUCT_BUNDLE_IDENTIFIER = me.Roll;
				PRODUCT_NAME = "$(TARGET_NAME)";
				STRING_CATALOG_GENERATE_SYMBOLS = YES;
				SWIFT_APPROACHABLE_CONCURRENCY = YES;
				SWIFT_DEFAULT_ACTOR_ISOLATION = MainActor;
				SWIFT_EMIT_LOC_STRINGS = YES;
				SWIFT_UPCOMING_FEATURE_MEMBER_IMPORT_VISIBILITY = YES;
				SWIFT_VERSION = 5.0;
				TARGETED_DEVICE_FAMILY = "1,2";
			};
			name = Debug;
		};
		CB2703EB2F6C333D00D213C7 /* Release */ = {
			isa = XCBuildConfiguration;
			buildSettings = {
				ASSETCATALOG_COMPILER_APPICON_NAME = AppIcon;
				ASSETCATALOG_COMPILER_GLOBAL_ACCENT_COLOR_NAME = AccentColor;
				CODE_SIGN_STYLE = Automatic;
				CURRENT_PROJECT_VERSION = 1;
				DEVELOPMENT_TEAM = 9H4952RRWH;
				ENABLE_PREVIEWS = YES;
				GENERATE_INFOPLIST_FILE = YES;
				INFOPLIST_KEY_LSApplicationCategoryType = "public.app-category.entertainment";
				INFOPLIST_KEY_NSCameraUsageDescription = "Roll needs camera access to take photos and videos";
				INFOPLIST_KEY_NSMicrophoneUsageDescription = "Roll needs microphone access to record video with audio";
				INFOPLIST_KEY_NSPhotoLibraryAddUsageDescription = "Roll saves your photos and videos to albums you create";
				INFOPLIST_KEY_NSPhotoLibraryUsageDescription = "Roll saves your photos and videos to albums you create";
				INFOPLIST_KEY_UIApplicationSceneManifest_Generation = YES;
				INFOPLIST_KEY_UIApplicationSupportsIndirectInputEvents = YES;
				INFOPLIST_KEY_UILaunchScreen_Generation = YES;
				INFOPLIST_KEY_UISupportedInterfaceOrientations = UIInterfaceOrientationPortrait;
				INFOPLIST_KEY_UISupportedInterfaceOrientations_iPad = "UIInterfaceOrientationPortrait UIInterfaceOrientationPortraitUpsideDown UIInterfaceOrientationLandscapeLeft UIInterfaceOrientationLandscapeRight";
				INFOPLIST_KEY_UISupportedInterfaceOrientations_iPhone = "UIInterfaceOrientationPortrait UIInterfaceOrientationLandscapeLeft UIInterfaceOrientationLandscapeRight";
				IPHONEOS_DEPLOYMENT_TARGET = 26.0;
				LD_RUNPATH_SEARCH_PATHS = (
					"$(inherited)",
					"@executable_path/Frameworks",
				);
				MARKETING_VERSION = 1.0;
				PRODUCT_BUNDLE_IDENTIFIER = me.Roll;
				PRODUCT_NAME = "$(TARGET_NAME)";
				STRING_CATALOG_GENERATE_SYMBOLS = YES;
				SWIFT_APPROACHABLE_CONCURRENCY = YES;
				SWIFT_DEFAULT_ACTOR_ISOLATION = MainActor;
				SWIFT_EMIT_LOC_STRINGS = YES;
				SWIFT_UPCOMING_FEATURE_MEMBER_IMPORT_VISIBILITY = YES;
				SWIFT_VERSION = 5.0;
				TARGETED_DEVICE_FAMILY = "1,2";
			};
			name = Release;
		};
		CB2703ED2F6C333D00D213C7 /* Debug */ = {
			isa = XCBuildConfiguration;
			buildSettings = {
				BUNDLE_LOADER = "$(TEST_HOST)";
				CODE_SIGN_STYLE = Automatic;
				CURRENT_PROJECT_VERSION = 1;
				DEVELOPMENT_TEAM = 9H4952RRWH;
				GENERATE_INFOPLIST_FILE = YES;
				IPHONEOS_DEPLOYMENT_TARGET = 26.2;
				MARKETING_VERSION = 1.0;
				PRODUCT_BUNDLE_IDENTIFIER = me.RollTests;
				PRODUCT_NAME = "$(TARGET_NAME)";
				STRING_CATALOG_GENERATE_SYMBOLS = NO;
				SWIFT_APPROACHABLE_CONCURRENCY = YES;
				SWIFT_EMIT_LOC_STRINGS = NO;
				SWIFT_UPCOMING_FEATURE_MEMBER_IMPORT_VISIBILITY = YES;
				SWIFT_VERSION = 5.0;
				TARGETED_DEVICE_FAMILY = "1,2";
				TEST_HOST = "$(BUILT_PRODUCTS_DIR)/Roll.app/$(BUNDLE_EXECUTABLE_FOLDER_PATH)/Roll";
			};
			name = Debug;
		};
		CB2703EE2F6C333D00D213C7 /* Release */ = {
			isa = XCBuildConfiguration;
			buildSettings = {
				BUNDLE_LOADER = "$(TEST_HOST)";
				CODE_SIGN_STYLE = Automatic;
				CURRENT_PROJECT_VERSION = 1;
				DEVELOPMENT_TEAM = 9H4952RRWH;
				GENERATE_INFOPLIST_FILE = YES;
				IPHONEOS_DEPLOYMENT_TARGET = 26.2;
				MARKETING_VERSION = 1.0;
				PRODUCT_BUNDLE_IDENTIFIER = me.RollTests;
				PRODUCT_NAME = "$(TARGET_NAME)";
				STRING_CATALOG_GENERATE_SYMBOLS = NO;
				SWIFT_APPROACHABLE_CONCURRENCY = YES;
				SWIFT_EMIT_LOC_STRINGS = NO;
				SWIFT_UPCOMING_FEATURE_MEMBER_IMPORT_VISIBILITY = YES;
				SWIFT_VERSION = 5.0;
				TARGETED_DEVICE_FAMILY = "1,2";
				TEST_HOST = "$(BUILT_PRODUCTS_DIR)/Roll.app/$(BUNDLE_EXECUTABLE_FOLDER_PATH)/Roll";
			};
			name = Release;
		};
		CB2703F02F6C333D00D213C7 /* Debug */ = {
			isa = XCBuildConfiguration;
			buildSettings = {
				CODE_SIGN_STYLE = Automatic;
				CURRENT_PROJECT_VERSION = 1;
				DEVELOPMENT_TEAM = 9H4952RRWH;
				GENERATE_INFOPLIST_FILE = YES;
				MARKETING_VERSION = 1.0;
				PRODUCT_BUNDLE_IDENTIFIER = me.RollUITests;
				PRODUCT_NAME = "$(TARGET_NAME)";
				STRING_CATALOG_GENERATE_SYMBOLS = NO;
				SWIFT_APPROACHABLE_CONCURRENCY = YES;
				SWIFT_EMIT_LOC_STRINGS = NO;
				SWIFT_UPCOMING_FEATURE_MEMBER_IMPORT_VISIBILITY = YES;
				SWIFT_VERSION = 5.0;
				TARGETED_DEVICE_FAMILY = "1,2";
				TEST_TARGET_NAME = Roll;
			};
			name = Debug;
		};
		CB2703F12F6C333D00D213C7 /* Release */ = {
			isa = XCBuildConfiguration;
			buildSettings = {
				CODE_SIGN_STYLE = Automatic;
				CURRENT_PROJECT_VERSION = 1;
				DEVELOPMENT_TEAM = 9H4952RRWH;
				GENERATE_INFOPLIST_FILE = YES;
				MARKETING_VERSION = 1.0;
				PRODUCT_BUNDLE_IDENTIFIER = me.RollUITests;
				PRODUCT_NAME = "$(TARGET_NAME)";
				STRING_CATALOG_GENERATE_SYMBOLS = NO;
				SWIFT_APPROACHABLE_CONCURRENCY = YES;
				SWIFT_EMIT_LOC_STRINGS = NO;
				SWIFT_UPCOMING_FEATURE_MEMBER_IMPORT_VISIBILITY = YES;
				SWIFT_VERSION = 5.0;
				TARGETED_DEVICE_FAMILY = "1,2";
				TEST_TARGET_NAME = Roll;
			};
			name = Release;
		};
/* End XCBuildConfiguration section */

/* Begin XCConfigurationList section */
		AA00000000000000000000A9 /* Build configuration list for PBXNativeTarget "RollControlCenter" */ = {
			isa = XCConfigurationList;
			buildConfigurations = (
				AA00000000000000000000A7 /* Debug */,
				AA00000000000000000000A8 /* Release */,
			);
			defaultConfigurationIsVisible = 0;
			defaultConfigurationName = Release;
		};
		CB2703C12F6C333B00D213C7 /* Build configuration list for PBXProject "Roll" */ = {
			isa = XCConfigurationList;
			buildConfigurations = (
				CB2703E72F6C333D00D213C7 /* Debug */,
				CB2703E82F6C333D00D213C7 /* Release */,
			);
			defaultConfigurationIsVisible = 0;
			defaultConfigurationName = Release;
		};
		CB2703E92F6C333D00D213C7 /* Build configuration list for PBXNativeTarget "Roll" */ = {
			isa = XCConfigurationList;
			buildConfigurations = (
				CB2703EA2F6C333D00D213C7 /* Debug */,
				CB2703EB2F6C333D00D213C7 /* Release */,
			);
			defaultConfigurationIsVisible = 0;
			defaultConfigurationName = Release;
		};
		CB2703EC2F6C333D00D213C7 /* Build configuration list for PBXNativeTarget "RollTests" */ = {
			isa = XCConfigurationList;
			buildConfigurations = (
				CB2703ED2F6C333D00D213C7 /* Debug */,
				CB2703EE2F6C333D00D213C7 /* Release */,
			);
			defaultConfigurationIsVisible = 0;
			defaultConfigurationName = Release;
		};
		CB2703EF2F6C333D00D213C7 /* Build configuration list for PBXNativeTarget "RollUITests" */ = {
			isa = XCConfigurationList;
			buildConfigurations = (
				CB2703F02F6C333D00D213C7 /* Debug */,
				CB2703F12F6C333D00D213C7 /* Release */,
			);
			defaultConfigurationIsVisible = 0;
			defaultConfigurationName = Release;
		};
/* End XCConfigurationList section */
	};
	rootObject = CB2703BE2F6C333B00D213C7 /* Project object */;
}
